// !$*UTF8*$!
{
	archiveVersion = 1;
	classes = {
	};
	objectVersion = 46;
	objects = {

/* Begin PBXBuildFile section */
		694CEC3F1A7D36A30034E3BD /* AppDelegate.swift in Sources */ = {isa = PBXBuildFile; fileRef = 694CEC3E1A7D36A30034E3BD /* AppDelegate.swift */; };
		694CEC411A7D36A30034E3BD /* ViewController.swift in Sources */ = {isa = PBXBuildFile; fileRef = 694CEC401A7D36A30034E3BD /* ViewController.swift */; };
		694CEC441A7D36A30034E3BD /* Main.storyboard in Resources */ = {isa = PBXBuildFile; fileRef = 694CEC421A7D36A30034E3BD /* Main.storyboard */; };
		694CEC461A7D36A30034E3BD /* Images.xcassets in Resources */ = {isa = PBXBuildFile; fileRef = 694CEC451A7D36A30034E3BD /* Images.xcassets */; };
		694CEC491A7D36A30034E3BD /* LaunchScreen.xib in Resources */ = {isa = PBXBuildFile; fileRef = 694CEC471A7D36A30034E3BD /* LaunchScreen.xib */; };
		694CEC551A7D36A30034E3BD /* Tip_Calculator_A1Tests.swift in Sources */ = {isa = PBXBuildFile; fileRef = 694CEC541A7D36A30034E3BD /* Tip_Calculator_A1Tests.swift */; };
/* End PBXBuildFile section */

/* Begin PBXContainerItemProxy section */
		694CEC4F1A7D36A30034E3BD /* PBXContainerItemProxy */ = {
			isa = PBXContainerItemProxy;
			containerPortal = 694CEC311A7D36A30034E3BD /* Project object */;
			proxyType = 1;
			remoteGlobalIDString = 694CEC381A7D36A30034E3BD;
			remoteInfo = "Tip Calculator A1";
		};
/* End PBXContainerItemProxy section */

/* Begin PBXFileReference section */
		694CEC391A7D36A30034E3BD /* Tip Calculator A1.app */ = {isa = PBXFileReference; explicitFileType = wrapper.application; includeInIndex = 0; path = "Tip Calculator A1.app"; sourceTree = BUILT_PRODUCTS_DIR; };
		694CEC3D1A7D36A30034E3BD /* Info.plist */ = {isa = PBXFileReference; lastKnownFileType = text.plist.xml; path = Info.plist; sourceTree = "<group>"; };
		694CEC3E1A7D36A30034E3BD /* AppDelegate.swift */ = {isa = PBXFileReference; lastKnownFileType = sourcecode.swift; path = AppDelegate.swift; sourceTree = "<group>"; };
		694CEC401A7D36A30034E3BD /* ViewController.swift */ = {isa = PBXFileReference; lastKnownFileType = sourcecode.swift; path = ViewController.swift; sourceTree = "<group>"; };
		694CEC431A7D36A30034E3BD /* Base */ = {isa = PBXFileReference; lastKnownFileType = file.storyboard; name = Base; path = Base.lproj/Main.storyboard; sourceTree = "<group>"; };
		694CEC451A7D36A30034E3BD /* Images.xcassets */ = {isa = PBXFileReference; lastKnownFileType = folder.assetcatalog; path = Images.xcassets; sourceTree = "<group>"; };
		694CEC481A7D36A30034E3BD /* Base */ = {isa = PBXFileReference; lastKnownFileType = file.xib; name = Base; path = Base.lproj/LaunchScreen.xib; sourceTree = "<group>"; };
		694CEC4E1A7D36A30034E3BD /* Tip Calculator A1Tests.xctest */ = {isa = PBXFileReference; explicitFileType = wrapper.cfbundle; includeInIndex = 0; path = "Tip Calculator A1Tests.xctest"; sourceTree = BUILT_PRODUCTS_DIR; };
		694CEC531A7D36A30034E3BD /* Info.plist */ = {isa = PBXFileReference; lastKnownFileType = text.plist.xml; path = Info.plist; sourceTree = "<group>"; };
		694CEC541A7D36A30034E3BD /* Tip_Calculator_A1Tests.swift */ = {isa = PBXFileReference; lastKnownFileType = sourcecode.swift; path = Tip_Calculator_A1Tests.swift; sourceTree = "<group>"; };
/* End PBXFileReference section */

/* Begin PBXFrameworksBuildPhase section */
		694CEC361A7D36A30034E3BD /* Frameworks */ = {
			isa = PBXFrameworksBuildPhase;
			buildActionMask = 2147483647;
			files = (
			);
			runOnlyForDeploymentPostprocessing = 0;
		};
		694CEC4B1A7D36A30034E3BD /* Frameworks */ = {
			isa = PBXFrameworksBuildPhase;
			buildActionMask = 2147483647;
			files = (
			);
			runOnlyForDeploymentPostprocessing = 0;
		};
/* End PBXFrameworksBuildPhase section */

/* Begin PBXGroup section */
		694CEC301A7D36A30034E3BD = {
			isa = PBXGroup;
			children = (
				694CEC3B1A7D36A30034E3BD /* Tip Calculator A1 */,
				694CEC511A7D36A30034E3BD /* Tip Calculator A1Tests */,
				694CEC3A1A7D36A30034E3BD /* Products */,
			);
			sourceTree = "<group>";
		};
		694CEC3A1A7D36A30034E3BD /* Products */ = {
			isa = PBXGroup;
			children = (
				694CEC391A7D36A30034E3BD /* Tip Calculator A1.app */,
				694CEC4E1A7D36A30034E3BD /* Tip Calculator A1Tests.xctest */,
			);
			name = Products;
			sourceTree = "<group>";
		};
		694CEC3B1A7D36A30034E3BD /* Tip Calculator A1 */ = {
			isa = PBXGroup;
			children = (
				694CEC3E1A7D36A30034E3BD /* AppDelegate.swift */,
				694CEC401A7D36A30034E3BD /* ViewController.swift */,
				694CEC421A7D36A30034E3BD /* Main.storyboard */,
				694CEC451A7D36A30034E3BD /* Images.xcassets */,
				694CEC471A7D36A30034E3BD /* LaunchScreen.xib */,
				694CEC3C1A7D36A30034E3BD /* Supporting Files */,
			);
			path = "Tip Calculator A1";
			sourceTree = "<group>";
		};
		694CEC3C1A7D36A30034E3BD /* Supporting Files */ = {
			isa = PBXGroup;
			children = (
				694CEC3D1A7D36A30034E3BD /* Info.plist */,
			);
			name = "Supporting Files";
			sourceTree = "<group>";
		};
		694CEC511A7D36A30034E3BD /* Tip Calculator A1Tests */ = {
			isa = PBXGroup;
			children = (
				694CEC541A7D36A30034E3BD /* Tip_Calculator_A1Tests.swift */,
				694CEC521A7D36A30034E3BD /* Supporting Files */,
			);
			path = "Tip Calculator A1Tests";
			sourceTree = "<group>";
		};
		694CEC521A7D36A30034E3BD /* Supporting Files */ = {
			isa = PBXGroup;
			children = (
				694CEC531A7D36A30034E3BD /* Info.plist */,
			);
			name = "Supporting Files";
			sourceTree = "<group>";
		};
/* End PBXGroup section */

/* Begin PBXNativeTarget section */
		694CEC381A7D36A30034E3BD /* Tip Calculator A1 */ = {
			isa = PBXNativeTarget;
			buildConfigurationList = 694CEC581A7D36A30034E3BD /* Build configuration list for PBXNativeTarget "Tip Calculator A1" */;
			buildPhases = (
				694CEC351A7D36A30034E3BD /* Sources */,
				694CEC361A7D36A30034E3BD /* Frameworks */,
				694CEC371A7D36A30034E3BD /* Resources */,
			);
			buildRules = (
			);
			dependencies = (
			);
			name = "Tip Calculator A1";
			productName = "Tip Calculator A1";
			productReference = 694CEC391A7D36A30034E3BD /* Tip Calculator A1.app */;
			productType = "com.apple.product-type.application";
		};
		694CEC4D1A7D36A30034E3BD /* Tip Calculator A1Tests */ = {
			isa = PBXNativeTarget;
			buildConfigurationList = 694CEC5B1A7D36A30034E3BD /* Build configuration list for PBXNativeTarget "Tip Calculator A1Tests" */;
			buildPhases = (
				694CEC4A1A7D36A30034E3BD /* Sources */,
				694CEC4B1A7D36A30034E3BD /* Frameworks */,
				694CEC4C1A7D36A30034E3BD /* Resources */,
			);
			buildRules = (
			);
			dependencies = (
				694CEC501A7D36A30034E3BD /* PBXTargetDependency */,
			);
			name = "Tip Calculator A1Tests";
			productName = "Tip Calculator A1Tests";
			productReference = 694CEC4E1A7D36A30034E3BD /* Tip Calculator A1Tests.xctest */;
			productType = "com.apple.product-type.bundle.unit-test";
		};
/* End PBXNativeTarget section */

/* Begin PBXProject section */
		694CEC311A7D36A30034E3BD /* Project object */ = {
			isa = PBXProject;
			attributes = {
				LastUpgradeCheck = 0610;
				ORGANIZATIONNAME = "Ron Lipkin";
				TargetAttributes = {
					694CEC381A7D36A30034E3BD = {
						CreatedOnToolsVersion = 6.1.1;
					};
					694CEC4D1A7D36A30034E3BD = {
						CreatedOnToolsVersion = 6.1.1;
						TestTargetID = 694CEC381A7D36A30034E3BD;
					};
				};
			};
			buildConfigurationList = 694CEC341A7D36A30034E3BD /* Build configuration list for PBXProject "Tip Calculator A1" */;
			compatibilityVersion = "Xcode 3.2";
			developmentRegion = English;
			hasScannedForEncodings = 0;
			knownRegions = (
				en,
				Base,
			);
			mainGroup = 694CEC301A7D36A30034E3BD;
			productRefGroup = 694CEC3A1A7D36A30034E3BD /* Products */;
			projectDirPath = "";
			projectRoot = "";
			targets = (
				694CEC381A7D36A30034E3BD /* Tip Calculator A1 */,
				694CEC4D1A7D36A30034E3BD /* Tip Calculator A1Tests */,
			);
		};
/* End PBXProject section */

/* Begin PBXResourcesBuildPhase section */
		694CEC371A7D36A30034E3BD /* Resources */ = {
			isa = PBXResourcesBuildPhase;
			buildActionMask = 2147483647;
			files = (
				694CEC441A7D36A30034E3BD /* Main.storyboard in Resources */,
				694CEC491A7D36A30034E3BD /* LaunchScreen.xib in Resources */,
				694CEC461A7D36A30034E3BD /* Images.xcassets in Resources */,
			);
			runOnlyForDeploymentPostprocessing = 0;
		};
		694CEC4C1A7D36A30034E3BD /* Resources */ = {
			isa = PBXResourcesBuildPhase;
			buildActionMask = 2147483647;
			files = (
			);
			runOnlyForDeploymentPostprocessing = 0;
		};
/* End PBXResourcesBuildPhase section */

/* Begin PBXSourcesBuildPhase section */
		694CEC351A7D36A30034E3BD /* Sources */ = {
			isa = PBXSourcesBuildPhase;
			buildActionMask = 2147483647;
			files = (
				694CEC411A7D36A30034E3BD /* ViewController.swift in Sources */,
				694CEC3F1A7D36A30034E3BD /* AppDelegate.swift in Sources */,
			);
			runOnlyForDeploymentPostprocessing = 0;
		};
		694CEC4A1A7D36A30034E3BD /* Sources */ = {
			isa = PBXSourcesBuildPhase;
			buildActionMask = 2147483647;
			files = (
				694CEC551A7D36A30034E3BD /* Tip_Calculator_A1Tests.swift in Sources */,
			);
			runOnlyForDeploymentPostprocessing = 0;
		};
/* End PBXSourcesBuildPhase section */

/* Begin PBXTargetDependency section */
		694CEC501A7D36A30034E3BD /* PBXTargetDependency */ = {
			isa = PBXTargetDependency;
			target = 694CEC381A7D36A30034E3BD /* Tip Calculator A1 */;
			targetProxy = 694CEC4F1A7D36A30034E3BD /* PBXContainerItemProxy */;
		};
/* End PBXTargetDependency section */

/* Begin PBXVariantGroup section */
		694CEC421A7D36A30034E3BD /* Main.storyboard */ = {
			isa = PBXVariantGroup;
			children = (
				694CEC431A7D36A30034E3BD /* Base */,
			);
			name = Main.storyboard;
			sourceTree = "<group>";
		};
		694CEC471A7D36A30034E3BD /* LaunchScreen.xib */ = {
			isa = PBXVariantGroup;
			children = (
				694CEC481A7D36A30034E3BD /* Base */,
			);
			name = LaunchScreen.xib;
			sourceTree = "<group>";
		};
/* End PBXVariantGroup section */

/* Begin XCBuildConfiguration section */
		694CEC561A7D36A30034E3BD /* Debug */ = {
			isa = XCBuildConfiguration;
			buildSettings = {
				ALWAYS_SEARCH_USER_PATHS = NO;
				CLANG_CXX_LANGUAGE_STANDARD = "gnu++0x";
				CLANG_CXX_LIBRARY = "libc++";
				CLANG_ENABLE_MODULES = YES;
				CLANG_ENABLE_OBJC_ARC = YES;
				CLANG_WARN_BOOL_CONVERSION = YES;
				CLANG_WARN_CONSTANT_CONVERSION = YES;
				CLANG_WARN_DIRECT_OBJC_ISA_USAGE = YES_ERROR;
				CLANG_WARN_EMPTY_BODY = YES;
				CLANG_WARN_ENUM_CONVERSION = YES;
				CLANG_WARN_INT_CONVERSION = YES;
				CLANG_WARN_OBJC_ROOT_CLASS = YES_ERROR;
				CLANG_WARN_UNREACHABLE_CODE = YES;
				CLANG_WARN__DUPLICATE_METHOD_MATCH = YES;
				"CODE_SIGN_IDENTITY[sdk=iphoneos*]" = "iPhone Developer";
				COPY_PHASE_STRIP = NO;
				ENABLE_STRICT_OBJC_MSGSEND = YES;
				GCC_C_LANGUAGE_STANDARD = gnu99;
				GCC_DYNAMIC_NO_PIC = NO;
				GCC_OPTIMIZATION_LEVEL = 0;
				GCC_PREPROCESSOR_DEFINITIONS = (
					"DEBUG=1",
					"$(inherited)",
				);
				GCC_SYMBOLS_PRIVATE_EXTERN = NO;
				GCC_WARN_64_TO_32_BIT_CONVERSION = YES;
				GCC_WARN_ABOUT_RETURN_TYPE = YES_ERROR;
				GCC_WARN_UNDECLARED_SELECTOR = YES;
				GCC_WARN_UNINITIALIZED_AUTOS = YES_AGGRESSIVE;
				GCC_WARN_UNUSED_FUNCTION = YES;
				GCC_WARN_UNUSED_VARIABLE = YES;
				IPHONEOS_DEPLOYMENT_TARGET = 8.1;
				MTL_ENABLE_DEBUG_INFO = YES;
				ONLY_ACTIVE_ARCH = YES;
				SDKROOT = iphoneos;
				SWIFT_OPTIMIZATION_LEVEL = "-Onone";
				TARGETED_DEVICE_FAMILY = "1,2";
			};
			name = Debug;
		};
		694CEC571A7D36A30034E3BD /* Release */ = {
			isa = XCBuildConfiguration;
			buildSettings = {
				ALWAYS_SEARCH_USER_PATHS = NO;
				CLANG_CXX_LANGUAGE_STANDARD = "gnu++0x";
				CLANG_CXX_LIBRARY = "libc++";
				CLANG_ENABLE_MODULES = YES;
				CLANG_ENABLE_OBJC_ARC = YES;
				CLANG_WARN_BOOL_CONVERSION = YES;
				CLANG_WARN_CONSTANT_CONVERSION = YES;
				CLANG_WARN_DIRECT_OBJC_ISA_USAGE = YES_ERROR;
				CLANG_WARN_EMPTY_BODY = YES;
				CLANG_WARN_ENUM_CONVERSION = YES;
				CLANG_WARN_INT_CONVERSION = YES;
				CLANG_WARN_OBJC_ROOT_CLASS = YES_ERROR;
				CLANG_WARN_UNREACHABLE_CODE = YES;
				CLANG_WARN__DUPLICATE_METHOD_MATCH = YES;
				"CODE_SIGN_IDENTITY[sdk=iphoneos*]" = "iPhone Developer";
				COPY_PHASE_STRIP = YES;
				ENABLE_NS_ASSERTIONS = NO;
				ENABLE_STRICT_OBJC_MSGSEND = YES;
				GCC_C_LANGUAGE_STANDARD = gnu99;
				GCC_WARN_64_TO_32_BIT_CONVERSION = YES;
				GCC_WARN_ABOUT_RETURN_TYPE = YES_ERROR;
				GCC_WARN_UNDECLARED_SELECTOR = YES;
				GCC_WARN_UNINITIALIZED_AUTOS = YES_AGGRESSIVE;
				GCC_WARN_UNUSED_FUNCTION = YES;
				GCC_WARN_UNUSED_VARIABLE = YES;
				IPHONEOS_DEPLOYMENT_TARGET = 8.1;
				MTL_ENABLE_DEBUG_INFO = NO;
				SDKROOT = iphoneos;
				TARGETED_DEVICE_FAMILY = "1,2";
				VALIDATE_PRODUCT = YES;
			};
			name = Release;
		};
		694CEC591A7D36A30034E3BD /* Debug */ = {
			isa = XCBuildConfiguration;
			buildSettings = {
				ASSETCATALOG_COMPILER_APPICON_NAME = AppIcon;
				INFOPLIST_FILE = "Tip Calculator A1/Info.plist";
				LD_RUNPATH_SEARCH_PATHS = "$(inherited) @executable_path/Frameworks";
				PRODUCT_NAME = "$(TARGET_NAME)";
			};
			name = Debug;
		};
		694CEC5A1A7D36A30034E3BD /* Release */ = {
			isa = XCBuildConfiguration;
			buildSettings = {
				ASSETCATALOG_COMPILER_APPICON_NAME = AppIcon;
				INFOPLIST_FILE = "Tip Calculator A1/Info.plist";
				LD_RUNPATH_SEARCH_PATHS = "$(inherited) @executable_path/Frameworks";
				PRODUCT_NAME = "$(TARGET_NAME)";
			};
			name = Release;
		};
		694CEC5C1A7D36A30034E3BD /* Debug */ = {
			isa = XCBuildConfiguration;
			buildSettings = {
				BUNDLE_LOADER = "$(TEST_HOST)";
				FRAMEWORK_SEARCH_PATHS = (
					"$(SDKROOT)/Developer/Library/Frameworks",
					"$(inherited)",
				);
				GCC_PREPROCESSOR_DEFINITIONS = (
					"DEBUG=1",
					"$(inherited)",
				);
				INFOPLIST_FILE = "Tip Calculator A1Tests/Info.plist";
				LD_RUNPATH_SEARCH_PATHS = "$(inherited) @executable_path/Frameworks @loader_path/Frameworks";
				PRODUCT_NAME = "$(TARGET_NAME)";
				TEST_HOST = "$(BUILT_PRODUCTS_DIR)/Tip Calculator A1.app/Tip Calculator A1";
			};
			name = Debug;
		};
		694CEC5D1A7D36A30034E3BD /* Release */ = {
			isa = XCBuildConfiguration;
			buildSettings = {
				BUNDLE_LOADER = "$(TEST_HOST)";
				FRAMEWORK_SEARCH_PATHS = (
					"$(SDKROOT)/Developer/Library/Frameworks",
					"$(inherited)",
				);
				INFOPLIST_FILE = "Tip Calculator A1Tests/Info.plist";
				LD_RUNPATH_SEARCH_PATHS = "$(inherited) @executable_path/Frameworks @loader_path/Frameworks";
				PRODUCT_NAME = "$(TARGET_NAME)";
				TEST_HOST = "$(BUILT_PRODUCTS_DIR)/Tip Calculator A1.app/Tip Calculator A1";
			};
			name = Release;
		};
/* End XCBuildConfiguration section */

/* Begin XCConfigurationList section */
		694CEC341A7D36A30034E3BD /* Build configuration list for PBXProject "Tip Calculator A1" */ = {
			isa = XCConfigurationList;
			buildConfigurations = (
				694CEC561A7D36A30034E3BD /* Debug */,
				694CEC571A7D36A30034E3BD /* Release */,
			);
			defaultConfigurationIsVisible = 0;
			defaultConfigurationName = Release;
		};
		694CEC581A7D36A30034E3BD /* Build configuration list for PBXNativeTarget "Tip Calculator A1" */ = {
			isa = XCConfigurationList;
			buildConfigurations = (
				694CEC591A7D36A30034E3BD /* Debug */,
				694CEC5A1A7D36A30034E3BD /* Release */,
			);
			defaultConfigurationIsVisible = 0;
		};
		694CEC5B1A7D36A30034E3BD /* Build configuration list for PBXNativeTarget "Tip Calculator A1Tests" */ = {
			isa = XCConfigurationList;
			buildConfigurations = (
				694CEC5C1A7D36A30034E3BD /* Debug */,
				694CEC5D1A7D36A30034E3BD /* Release */,
			);
			defaultConfigurationIsVisible = 0;
		};
/* End XCConfigurationList section */
	};
	rootObject = 694CEC311A7D36A30034E3BD /* Project object */;
}
